Microsoft Visual Studio Solution File, Format Version 11.00
# Visual Studio 2008

Project("{09996218-6759-EACC-89E3-A7814E316BEC}") = "IA-ShooterProject", "Assembly-CSharp.csproj", "{FE2E42ED-AC7E-1212-E74A-3FE80AC5C5AF}"
EndProject
Project("{09996218-6759-EACC-89E3-A7814E316BEC}") = "IA-ShooterProject", "Assembly-CSharp-Editor.csproj", "{0D70C770-1237-32C3-24C7-9C1530F0A54A}"
EndProject
Global
	GlobalSection(SolutionConfigurationPlatforms) = preSolution
		Debug|Any CPU = Debug|Any CPU
		Release|Any CPU = Release|Any CPU
	EndGlobalSection
	GlobalSection(ProjectConfigurationPlatforms) = postSolution
		{FE2E42ED-AC7E-1212-E74A-3FE80AC5C5AF}.Debug|Any CPU.ActiveCfg = Debug|Any CPU
		{FE2E42ED-AC7E-1212-E74A-3FE80AC5C5AF}.Debug|Any CPU.Build.0 = Debug|Any CPU
		{FE2E42ED-AC7E-1212-E74A-3FE80AC5C5AF}.Release|Any CPU.ActiveCfg = Release|Any CPU
		{FE2E42ED-AC7E-1212-E74A-3FE80AC5C5AF}.Release|Any CPU.Build.0 = Release|Any CPU
		{0D70C770-1237-32C3-24C7-9C1530F0A54A}.Debug|Any CPU.ActiveCfg = Debug|Any CPU
		{0D70C770-1237-32C3-24C7-9C1530F0A54A}.Debug|Any CPU.Build.0 = Debug|Any CPU
		{0D70C770-1237-32C3-24C7-9C1530F0A54A}.Release|Any CPU.ActiveCfg = Release|Any CPU
		{0D70C770-1237-32C3-24C7-9C1530F0A54A}.Release|Any CPU.Build.0 = Release|Any CPU
	EndGlobalSection
	GlobalSection(SolutionProperties) = preSolution
		HideSolutionNode = FALSE
	EndGlobalSection
	GlobalSection(MonoDevelopProperties) = preSolution
		StartupItem = Assembly-CSharp.csproj
	EndGlobalSection
EndGlobal
